Microsoft Visual Studio Solution File, Format Version 12.00
# Visual Studio Version 17
VisualStudioVersion = 17.8.34309.116
MinimumVisualStudioVersion = 10.0.40219.1
Project("{9A19103F-16F7-4668-BE54-9A1E7A4F7556}") = "Palindrome", "Palindrome\Palindrome.csproj", "{E87CAA9D-3979-4640-956F-6B98CE29A4F7}"
EndProject
Project("{9A19103F-16F7-4668-BE54-9A1E7A4F7556}") = "OnlineQuizSamples", "OnlineQuizSamples\OnlineQuizSamples.csproj", "{5A206CF9-6B01-462A-AF36-2C1B0995CE4A}"
EndProject
Project("{9A19103F-16F7-4668-BE54-9A1E7A4F7556}") = "CoreAuth", "CoreAuth\CoreAuth.csproj", "{47567A04-B04B-4D41-981E-A13B8C3275E3}"
EndProject
Project("{2150E333-8FDC-42A3-9474-1A3956D46DE8}") = "WebApps", "WebApps", "{6A2D15AE-2009-4DC3-B8DC-9FF4B39F0D97}"
EndProject
Project("{2150E333-8FDC-42A3-9474-1A3956D46DE8}") = "DesingPatterns", "DesingPatterns", "{98AB70DC-7D32-44C3-B3E1-066E3AC4EAFF}"
EndProject
Project("{9A19103F-16F7-4668-BE54-9A1E7A4F7556}") = "CreationalPatterns", "CreationalPatterns\CreationalPatterns.csproj", "{196D7B8B-F176-4B14-A278-C1687FABE769}"
EndProject
Project("{9A19103F-16F7-4668-BE54-9A1E7A4F7556}") = "StructuralPatterns", "StructuralPatterns\StructuralPatterns.csproj", "{3D571C2F-603F-402D-AF13-C4B76827C469}"
EndProject
Project("{9A19103F-16F7-4668-BE54-9A1E7A4F7556}") = "SimpleChecks", "SimpleChecks\SimpleChecks.csproj", "{317AE2C5-A542-4B17-A72C-2E2311217760}"
EndProject
Project("{FAE04EC0-301F-11D3-BF4B-00C04F79EFBC}") = "SimpleCheck", "SimpleCheck\SimpleCheck.csproj", "{DC19A909-4AD5-49F2-8496-B04AF5FA4071}"
EndProject
Project("{FAE04EC0-301F-11D3-BF4B-00C04F79EFBC}") = "MaxProductZero", "MaxProductZero\MaxProductZero.csproj", "{FEB55546-48CB-434C-B53F-3AD28B639783}"
EndProject
Project("{FAE04EC0-301F-11D3-BF4B-00C04F79EFBC}") = "TheaterTickets", "TheaterTickets\TheaterTickets.csproj", "{17F7F02C-CC51-4540-9432-8B76F20512E6}"
EndProject
Project("{9A19103F-16F7-4668-BE54-9A1E7A4F7556}") = "BinaryGap", "BinaryGap\BinaryGap.csproj", "{3D5F2D92-758C-4248-B640-C39C6CA3B518}"
EndProject
Project("{FAE04EC0-301F-11D3-BF4B-00C04F79EFBC}") = "OddOccurrencesInArray", "OddOccurrencesInArray\OddOccurrencesInArray.csproj", "{9E5E5C7F-7C00-4B9F-BF3E-7AFCDECF1F2B}"
EndProject
Project("{2150E333-8FDC-42A3-9474-1A3956D46DE8}") = "Codility", "Codility", "{86F18D42-A752-48CD-82B7-E3707E570C1C}"
EndProject
Project("{9A19103F-16F7-4668-BE54-9A1E7A4F7556}") = "GetPairsWithSum", "GetPairsWithSum\GetPairsWithSum.csproj", "{E48DC966-C39F-4681-A398-F798AC4A0ED9}"
EndProject
Project("{FAE04EC0-301F-11D3-BF4B-00C04F79EFBC}") = "DataStructures", "DataStructures\DataStructures.csproj", "{85F4C6DC-5FC1-4930-A75C-AA6C50E2ECC2}"
EndProject
Project("{FAE04EC0-301F-11D3-BF4B-00C04F79EFBC}") = "ContributionFEBE", "ContributionFEBE\ContributionFEBE.csproj", "{8EAC353D-C132-4C5D-A7E0-E579B44D40ED}"
EndProject
Project("{FAE04EC0-301F-11D3-BF4B-00C04F79EFBC}") = "GrabTest", "GrabTest\GrabTest.csproj", "{336812E4-C23A-4311-8E5E-8560E26B4B25}"
EndProject
Project("{FAE04EC0-301F-11D3-BF4B-00C04F79EFBC}") = "WayFair", "WayFair\WayFair.csproj", "{4FE7C9CD-35D2-406B-A4AD-21B81587A5A2}"
EndProject
Project("{FAE04EC0-301F-11D3-BF4B-00C04F79EFBC}") = "MyCsProgram", "MyCsProgram\MyCsProgram.csproj", "{4DBA3629-7B3C-445A-BFA6-0D4639A2DD43}"
EndProject
Project("{9A19103F-16F7-4668-BE54-9A1E7A4F7556}") = "MyKnockout1", "MyKnockout1\MyKnockout1.csproj", "{7A2BD7DC-2647-4CDC-9868-07E601E5FBDA}"
EndProject
Project("{9A19103F-16F7-4668-BE54-9A1E7A4F7556}") = "PerfMon.Methods", "PerfMon.Methods\PerfMon.Methods.csproj", "{5FFD36CB-F478-40D8-B90C-63ECBC164F8C}"
EndProject
Project("{9A19103F-16F7-4668-BE54-9A1E7A4F7556}") = "HashGenerator", "HashGenerator\HashGenerator.csproj", "{EE3D1D8C-8A49-4B9A-9F51-4B3E9EF5C570}"
EndProject
Project("{9A19103F-16F7-4668-BE54-9A1E7A4F7556}") = "PasswordHashGenerator", "PasswordHashGenerator\PasswordHashGenerator.csproj", "{360E230E-473C-43BC-87AC-23C68007E4C9}"
EndProject
Project("{9A19103F-16F7-4668-BE54-9A1E7A4F7556}") = "TaskSample", "TaskSample\TaskSample.csproj", "{1E7385C3-EF1D-438D-9888-277D7C32E8CD}"
EndProject
Project("{9A19103F-16F7-4668-BE54-9A1E7A4F7556}") = "HtmlEncodingApp", "HtmlEncodingApp\HtmlEncodingApp.csproj", "{BF34341D-EE8B-499C-A275-3CB1755FE066}"
EndProject
Project("{9A19103F-16F7-4668-BE54-9A1E7A4F7556}") = "DynamicJsonParser", "DynamicJsonParser\DynamicJsonParser.csproj", "{4B0D3647-48DE-44B9-97BE-24A648E9C6F5}"
EndProject
Project("{9A19103F-16F7-4668-BE54-9A1E7A4F7556}") = "Operators", "Operators\Operators.csproj", "{A690FB28-3FA8-4155-8445-358F4A28925E}"
EndProject
Project("{9A19103F-16F7-4668-BE54-9A1E7A4F7556}") = "StartProc", "StartProc\StartProc.csproj", "{C983AC09-161E-4D82-A4AF-28E2F6180231}"
EndProject
Project("{9A19103F-16F7-4668-BE54-9A1E7A4F7556}") = "AutoGenerateSqlConfigDataPoint", "AutoGenerateSqlConfigDataPoint\AutoGenerateSqlConfigDataPoint.csproj", "{F9E87941-0039-46D2-A938-B5118FCB99FB}"
EndProject
Project("{9A19103F-16F7-4668-BE54-9A1E7A4F7556}") = "JUST.JsonTransformApp", "JsonTransform\JUST.JsonTransformApp.csproj", "{204E69F6-0EE7-4B87-B9CA-8BF652EB67F4}"
EndProject
Project("{2150E333-8FDC-42A3-9474-1A3956D46DE8}") = "ConceptCheck", "ConceptCheck", "{D5CD624C-F8CE-4D06-85A5-D220B6451E57}"
EndProject
Project("{9A19103F-16F7-4668-BE54-9A1E7A4F7556}") = "SimpleJsonTransformApp", "SimpleJsonTransformApp\SimpleJsonTransformApp.csproj", "{DB44BBB3-B9F6-4BA6-BDCD-ECB8ECB93963}"
EndProject
Project("{9A19103F-16F7-4668-BE54-9A1E7A4F7556}") = "CustomTransformer", "CustomTransformer\CustomTransformer.csproj", "{1188573A-6991-43D3-9E9E-9BD550FC09FC}"
EndProject
Project("{2150E333-8FDC-42A3-9474-1A3956D46DE8}") = "JsonTransformers", "JsonTransformers", "{7D6EB5CF-43DD-4542-9FAC-962EB3E780A2}"
EndProject
Project("{9A19103F-16F7-4668-BE54-9A1E7A4F7556}") = "EncryptDecrypt", "EncryptDecrypt\EncryptDecrypt.csproj", "{A46593A4-5D63-4478-A55A-419B55DAF452}"
EndProject
Project("{9A19103F-16F7-4668-BE54-9A1E7A4F7556}") = "XmlSerializeDeserialize", "XmlSerializeDeserialize\XmlSerializeDeserialize.csproj", "{AFE80F6E-28C0-4830-82A9-D1802B0DCB9E}"
EndProject
Project("{2150E333-8FDC-42A3-9474-1A3956D46DE8}") = "wpf", "wpf", "{BE9603F2-9ACF-48DB-8A9C-5773CC2BE744}"
EndProject
Project("{FAE04EC0-301F-11D3-BF4B-00C04F79EFBC}") = "WpfOpenCloseBrowser", "WpfOpenCloseBrowser\WpfOpenCloseBrowser.csproj", "{27B7C318-3260-4357-B43A-DC25D4AA2F4F}"
EndProject
Project("{FAE04EC0-301F-11D3-BF4B-00C04F79EFBC}") = "KillProcessByName", "KillProcessByName\KillProcessByName.csproj", "{A42AAE76-5D36-46EA-BF4A-9B8A35557916}"
EndProject
Project("{FAE04EC0-301F-11D3-BF4B-00C04F79EFBC}") = "WebDriverTestApp", "WebDriverTestApp\WebDriverTestApp.csproj", "{9D18674D-634B-4ECD-9C09-38D85BE40EBD}"
EndProject
Project("{9A19103F-16F7-4668-BE54-9A1E7A4F7556}") = "DatabaseSync", "DatabaseSync\DatabaseSync.csproj", "{C3E3A190-CB5A-46BD-AA1E-F34C997688CE}"
EndProject
Project("{9A19103F-16F7-4668-BE54-9A1E7A4F7556}") = "CyclicRotation", "CyclicRotation\CyclicRotation.csproj", "{E308FF45-C977-4E0C-9D75-4550F3EFC047}"
EndProject
Project("{9A19103F-16F7-4668-BE54-9A1E7A4F7556}") = "MissingNumber", "MissingNumber\MissingNumber.csproj", "{14333599-9130-41D7-8322-CFEC2C582A7A}"
EndProject
Project("{9A19103F-16F7-4668-BE54-9A1E7A4F7556}") = "DistinctCharCount", "DistinctCharCount\DistinctCharCount.csproj", "{7807F8A3-B72D-4E6B-B040-F6ABC884CA04}"
EndProject
Project("{FAE04EC0-301F-11D3-BF4B-00C04F79EFBC}") = "JsonQueryApp", "JsonQueryApp\JsonQueryApp.csproj", "{CDBCFA9B-38BB-4E5B-90D5-A739F7023D94}"
EndProject
Global
	GlobalSection(SolutionConfigurationPlatforms) = preSolution
		Debug|Any CPU = Debug|Any CPU
		Release|Any CPU = Release|Any CPU
	EndGlobalSection
	GlobalSection(ProjectConfigurationPlatforms) = postSolution
		{E87CAA9D-3979-4640-956F-6B98CE29A4F7}.Debug|Any CPU.ActiveCfg = Debug|Any CPU
		{E87CAA9D-3979-4640-956F-6B98CE29A4F7}.Debug|Any CPU.Build.0 = Debug|Any CPU
		{E87CAA9D-3979-4640-956F-6B98CE29A4F7}.Release|Any CPU.ActiveCfg = Release|Any CPU
		{E87CAA9D-3979-4640-956F-6B98CE29A4F7}.Release|Any CPU.Build.0 = Release|Any CPU
		{5A206CF9-6B01-462A-AF36-2C1B0995CE4A}.Debug|Any CPU.ActiveCfg = Debug|Any CPU
		{5A206CF9-6B01-462A-AF36-2C1B0995CE4A}.Debug|Any CPU.Build.0 = Debug|Any CPU
		{5A206CF9-6B01-462A-AF36-2C1B0995CE4A}.Release|Any CPU.ActiveCfg = Release|Any CPU
		{5A206CF9-6B01-462A-AF36-2C1B0995CE4A}.Release|Any CPU.Build.0 = Release|Any CPU
		{47567A04-B04B-4D41-981E-A13B8C3275E3}.Debug|Any CPU.ActiveCfg = Debug|Any CPU
		{47567A04-B04B-4D41-981E-A13B8C3275E3}.Debug|Any CPU.Build.0 = Debug|Any CPU
		{47567A04-B04B-4D41-981E-A13B8C3275E3}.Release|Any CPU.ActiveCfg = Release|Any CPU
		{47567A04-B04B-4D41-981E-A13B8C3275E3}.Release|Any CPU.Build.0 = Release|Any CPU
		{196D7B8B-F176-4B14-A278-C1687FABE769}.Debug|Any CPU.ActiveCfg = Debug|Any CPU
		{196D7B8B-F176-4B14-A278-C1687FABE769}.Debug|Any CPU.Build.0 = Debug|Any CPU
		{196D7B8B-F176-4B14-A278-C1687FABE769}.Release|Any CPU.ActiveCfg = Release|Any CPU
		{196D7B8B-F176-4B14-A278-C1687FABE769}.Release|Any CPU.Build.0 = Release|Any CPU
		{3D571C2F-603F-402D-AF13-C4B76827C469}.Debug|Any CPU.ActiveCfg = Debug|Any CPU
		{3D571C2F-603F-402D-AF13-C4B76827C469}.Debug|Any CPU.Build.0 = Debug|Any CPU
		{3D571C2F-603F-402D-AF13-C4B76827C469}.Release|Any CPU.ActiveCfg = Release|Any CPU
		{3D571C2F-603F-402D-AF13-C4B76827C469}.Release|Any CPU.Build.0 = Release|Any CPU
		{317AE2C5-A542-4B17-A72C-2E2311217760}.Debug|Any CPU.ActiveCfg = Debug|Any CPU
		{317AE2C5-A542-4B17-A72C-2E2311217760}.Debug|Any CPU.Build.0 = Debug|Any CPU
		{317AE2C5-A542-4B17-A72C-2E2311217760}.Release|Any CPU.ActiveCfg = Release|Any CPU
		{317AE2C5-A542-4B17-A72C-2E2311217760}.Release|Any CPU.Build.0 = Release|Any CPU
		{DC19A909-4AD5-49F2-8496-B04AF5FA4071}.Debug|Any CPU.ActiveCfg = Debug|Any CPU
		{DC19A909-4AD5-49F2-8496-B04AF5FA4071}.Debug|Any CPU.Build.0 = Debug|Any CPU
		{DC19A909-4AD5-49F2-8496-B04AF5FA4071}.Release|Any CPU.ActiveCfg = Release|Any CPU
		{DC19A909-4AD5-49F2-8496-B04AF5FA4071}.Release|Any CPU.Build.0 = Release|Any CPU
		{FEB55546-48CB-434C-B53F-3AD28B639783}.Debug|Any CPU.ActiveCfg = Debug|Any CPU
		{FEB55546-48CB-434C-B53F-3AD28B639783}.Debug|Any CPU.Build.0 = Debug|Any CPU
		{FEB55546-48CB-434C-B53F-3AD28B639783}.Release|Any CPU.ActiveCfg = Release|Any CPU
		{FEB55546-48CB-434C-B53F-3AD28B639783}.Release|Any CPU.Build.0 = Release|Any CPU
		{17F7F02C-CC51-4540-9432-8B76F20512E6}.Debug|Any CPU.ActiveCfg = Debug|Any CPU
		{17F7F02C-CC51-4540-9432-8B76F20512E6}.Debug|Any CPU.Build.0 = Debug|Any CPU
		{17F7F02C-CC51-4540-9432-8B76F20512E6}.Release|Any CPU.ActiveCfg = Release|Any CPU
		{17F7F02C-CC51-4540-9432-8B76F20512E6}.Release|Any CPU.Build.0 = Release|Any CPU
		{3D5F2D92-758C-4248-B640-C39C6CA3B518}.Debug|Any CPU.ActiveCfg = Debug|Any CPU
		{3D5F2D92-758C-4248-B640-C39C6CA3B518}.Debug|Any CPU.Build.0 = Debug|Any CPU
		{3D5F2D92-758C-4248-B640-C39C6CA3B518}.Release|Any CPU.ActiveCfg = Release|Any CPU
		{3D5F2D92-758C-4248-B640-C39C6CA3B518}.Release|Any CPU.Build.0 = Release|Any CPU
		{9E5E5C7F-7C00-4B9F-BF3E-7AFCDECF1F2B}.Debug|Any CPU.ActiveCfg = Debug|Any CPU
		{9E5E5C7F-7C00-4B9F-BF3E-7AFCDECF1F2B}.Debug|Any CPU.Build.0 = Debug|Any CPU
		{9E5E5C7F-7C00-4B9F-BF3E-7AFCDECF1F2B}.Release|Any CPU.ActiveCfg = Release|Any CPU
		{9E5E5C7F-7C00-4B9F-BF3E-7AFCDECF1F2B}.Release|Any CPU.Build.0 = Release|Any CPU
		{E48DC966-C39F-4681-A398-F798AC4A0ED9}.Debug|Any CPU.ActiveCfg = Debug|Any CPU
		{E48DC966-C39F-4681-A398-F798AC4A0ED9}.Debug|Any CPU.Build.0 = Debug|Any CPU
		{E48DC966-C39F-4681-A398-F798AC4A0ED9}.Release|Any CPU.ActiveCfg = Release|Any CPU
		{E48DC966-C39F-4681-A398-F798AC4A0ED9}.Release|Any CPU.Build.0 = Release|Any CPU
		{85F4C6DC-5FC1-4930-A75C-AA6C50E2ECC2}.Debug|Any CPU.ActiveCfg = Debug|Any CPU
		{85F4C6DC-5FC1-4930-A75C-AA6C50E2ECC2}.Debug|Any CPU.Build.0 = Debug|Any CPU
		{85F4C6DC-5FC1-4930-A75C-AA6C50E2ECC2}.Release|Any CPU.ActiveCfg = Release|Any CPU
		{85F4C6DC-5FC1-4930-A75C-AA6C50E2ECC2}.Release|Any CPU.Build.0 = Release|Any CPU
		{8EAC353D-C132-4C5D-A7E0-E579B44D40ED}.Debug|Any CPU.ActiveCfg = Debug|Any CPU
		{8EAC353D-C132-4C5D-A7E0-E579B44D40ED}.Debug|Any CPU.Build.0 = Debug|Any CPU
		{8EAC353D-C132-4C5D-A7E0-E579B44D40ED}.Release|Any CPU.ActiveCfg = Release|Any CPU
		{8EAC353D-C132-4C5D-A7E0-E579B44D40ED}.Release|Any CPU.Build.0 = Release|Any CPU
		{336812E4-C23A-4311-8E5E-8560E26B4B25}.Debug|Any CPU.ActiveCfg = Debug|Any CPU
		{336812E4-C23A-4311-8E5E-8560E26B4B25}.Debug|Any CPU.Build.0 = Debug|Any CPU
		{336812E4-C23A-4311-8E5E-8560E26B4B25}.Release|Any CPU.ActiveCfg = Release|Any CPU
		{336812E4-C23A-4311-8E5E-8560E26B4B25}.Release|Any CPU.Build.0 = Release|Any CPU
		{4FE7C9CD-35D2-406B-A4AD-21B81587A5A2}.Debug|Any CPU.ActiveCfg = Debug|Any CPU
		{4FE7C9CD-35D2-406B-A4AD-21B81587A5A2}.Debug|Any CPU.Build.0 = Debug|Any CPU
		{4FE7C9CD-35D2-406B-A4AD-21B81587A5A2}.Release|Any CPU.ActiveCfg = Release|Any CPU
		{4FE7C9CD-35D2-406B-A4AD-21B81587A5A2}.Release|Any CPU.Build.0 = Release|Any CPU
		{4DBA3629-7B3C-445A-BFA6-0D4639A2DD43}.Debug|Any CPU.ActiveCfg = Debug|Any CPU
		{4DBA3629-7B3C-445A-BFA6-0D4639A2DD43}.Debug|Any CPU.Build.0 = Debug|Any CPU
		{4DBA3629-7B3C-445A-BFA6-0D4639A2DD43}.Release|Any CPU.ActiveCfg = Release|Any CPU
		{4DBA3629-7B3C-445A-BFA6-0D4639A2DD43}.Release|Any CPU.Build.0 = Release|Any CPU
		{7A2BD7DC-2647-4CDC-9868-07E601E5FBDA}.Debug|Any CPU.ActiveCfg = Debug|Any CPU
		{7A2BD7DC-2647-4CDC-9868-07E601E5FBDA}.Debug|Any CPU.Build.0 = Debug|Any CPU
		{7A2BD7DC-2647-4CDC-9868-07E601E5FBDA}.Release|Any CPU.ActiveCfg = Release|Any CPU
		{7A2BD7DC-2647-4CDC-9868-07E601E5FBDA}.Release|Any CPU.Build.0 = Release|Any CPU
		{5FFD36CB-F478-40D8-B90C-63ECBC164F8C}.Debug|Any CPU.ActiveCfg = Debug|Any CPU
		{5FFD36CB-F478-40D8-B90C-63ECBC164F8C}.Debug|Any CPU.Build.0 = Debug|Any CPU
		{5FFD36CB-F478-40D8-B90C-63ECBC164F8C}.Release|Any CPU.ActiveCfg = Release|Any CPU
		{5FFD36CB-F478-40D8-B90C-63ECBC164F8C}.Release|Any CPU.Build.0 = Release|Any CPU
		{EE3D1D8C-8A49-4B9A-9F51-4B3E9EF5C570}.Debug|Any CPU.ActiveCfg = Debug|Any CPU
		{EE3D1D8C-8A49-4B9A-9F51-4B3E9EF5C570}.Debug|Any CPU.Build.0 = Debug|Any CPU
		{EE3D1D8C-8A49-4B9A-9F51-4B3E9EF5C570}.Release|Any CPU.ActiveCfg = Release|Any CPU
		{EE3D1D8C-8A49-4B9A-9F51-4B3E9EF5C570}.Release|Any CPU.Build.0 = Release|Any CPU
		{360E230E-473C-43BC-87AC-23C68007E4C9}.Debug|Any CPU.ActiveCfg = Debug|Any CPU
		{360E230E-473C-43BC-87AC-23C68007E4C9}.Debug|Any CPU.Build.0 = Debug|Any CPU
		{360E230E-473C-43BC-87AC-23C68007E4C9}.Release|Any CPU.ActiveCfg = Release|Any CPU
		{360E230E-473C-43BC-87AC-23C68007E4C9}.Release|Any CPU.Build.0 = Release|Any CPU
		{1E7385C3-EF1D-438D-9888-277D7C32E8CD}.Debug|Any CPU.ActiveCfg = Debug|Any CPU
		{1E7385C3-EF1D-438D-9888-277D7C32E8CD}.Debug|Any CPU.Build.0 = Debug|Any CPU
		{1E7385C3-EF1D-438D-9888-277D7C32E8CD}.Release|Any CPU.ActiveCfg = Release|Any CPU
		{1E7385C3-EF1D-438D-9888-277D7C32E8CD}.Release|Any CPU.Build.0 = Release|Any CPU
		{BF34341D-EE8B-499C-A275-3CB1755FE066}.Debug|Any CPU.ActiveCfg = Debug|Any CPU
		{BF34341D-EE8B-499C-A275-3CB1755FE066}.Debug|Any CPU.Build.0 = Debug|Any CPU
		{BF34341D-EE8B-499C-A275-3CB1755FE066}.Release|Any CPU.ActiveCfg = Release|Any CPU
		{BF34341D-EE8B-499C-A275-3CB1755FE066}.Release|Any CPU.Build.0 = Release|Any CPU
		{4B0D3647-48DE-44B9-97BE-24A648E9C6F5}.Debug|Any CPU.ActiveCfg = Debug|Any CPU
		{4B0D3647-48DE-44B9-97BE-24A648E9C6F5}.Debug|Any CPU.Build.0 = Debug|Any CPU
		{4B0D3647-48DE-44B9-97BE-24A648E9C6F5}.Release|Any CPU.ActiveCfg = Release|Any CPU
		{4B0D3647-48DE-44B9-97BE-24A648E9C6F5}.Release|Any CPU.Build.0 = Release|Any CPU
		{A690FB28-3FA8-4155-8445-358F4A28925E}.Debug|Any CPU.ActiveCfg = Debug|Any CPU
		{A690FB28-3FA8-4155-8445-358F4A28925E}.Debug|Any CPU.Build.0 = Debug|Any CPU
		{A690FB28-3FA8-4155-8445-358F4A28925E}.Release|Any CPU.ActiveCfg = Release|Any CPU
		{A690FB28-3FA8-4155-8445-358F4A28925E}.Release|Any CPU.Build.0 = Release|Any CPU
		{C983AC09-161E-4D82-A4AF-28E2F6180231}.Debug|Any CPU.ActiveCfg = Debug|Any CPU
		{C983AC09-161E-4D82-A4AF-28E2F6180231}.Debug|Any CPU.Build.0 = Debug|Any CPU
		{C983AC09-161E-4D82-A4AF-28E2F6180231}.Release|Any CPU.ActiveCfg = Release|Any CPU
		{C983AC09-161E-4D82-A4AF-28E2F6180231}.Release|Any CPU.Build.0 = Release|Any CPU
		{F9E87941-0039-46D2-A938-B5118FCB99FB}.Debug|Any CPU.ActiveCfg = Debug|Any CPU
		{F9E87941-0039-46D2-A938-B5118FCB99FB}.Debug|Any CPU.Build.0 = Debug|Any CPU
		{F9E87941-0039-46D2-A938-B5118FCB99FB}.Release|Any CPU.ActiveCfg = Release|Any CPU
		{F9E87941-0039-46D2-A938-B5118FCB99FB}.Release|Any CPU.Build.0 = Release|Any CPU
		{204E69F6-0EE7-4B87-B9CA-8BF652EB67F4}.Debug|Any CPU.ActiveCfg = Debug|Any CPU
		{204E69F6-0EE7-4B87-B9CA-8BF652EB67F4}.Debug|Any CPU.Build.0 = Debug|Any CPU
		{204E69F6-0EE7-4B87-B9CA-8BF652EB67F4}.Release|Any CPU.ActiveCfg = Release|Any CPU
		{204E69F6-0EE7-4B87-B9CA-8BF652EB67F4}.Release|Any CPU.Build.0 = Release|Any CPU
		{DB44BBB3-B9F6-4BA6-BDCD-ECB8ECB93963}.Debug|Any CPU.ActiveCfg = Debug|Any CPU
		{DB44BBB3-B9F6-4BA6-BDCD-ECB8ECB93963}.Debug|Any CPU.Build.0 = Debug|Any CPU
		{DB44BBB3-B9F6-4BA6-BDCD-ECB8ECB93963}.Release|Any CPU.ActiveCfg = Release|Any CPU
		{DB44BBB3-B9F6-4BA6-BDCD-ECB8ECB93963}.Release|Any CPU.Build.0 = Release|Any CPU
		{1188573A-6991-43D3-9E9E-9BD550FC09FC}.Debug|Any CPU.ActiveCfg = Debug|Any CPU
		{1188573A-6991-43D3-9E9E-9BD550FC09FC}.Debug|Any CPU.Build.0 = Debug|Any CPU
		{1188573A-6991-43D3-9E9E-9BD550FC09FC}.Release|Any CPU.ActiveCfg = Release|Any CPU
		{1188573A-6991-43D3-9E9E-9BD550FC09FC}.Release|Any CPU.Build.0 = Release|Any CPU
		{A46593A4-5D63-4478-A55A-419B55DAF452}.Debug|Any CPU.ActiveCfg = Debug|Any CPU
		{A46593A4-5D63-4478-A55A-419B55DAF452}.Debug|Any CPU.Build.0 = Debug|Any CPU
		{A46593A4-5D63-4478-A55A-419B55DAF452}.Release|Any CPU.ActiveCfg = Release|Any CPU
		{A46593A4-5D63-4478-A55A-419B55DAF452}.Release|Any CPU.Build.0 = Release|Any CPU
		{AFE80F6E-28C0-4830-82A9-D1802B0DCB9E}.Debug|Any CPU.ActiveCfg = Debug|Any CPU
		{AFE80F6E-28C0-4830-82A9-D1802B0DCB9E}.Debug|Any CPU.Build.0 = Debug|Any CPU
		{AFE80F6E-28C0-4830-82A9-D1802B0DCB9E}.Release|Any CPU.ActiveCfg = Release|Any CPU
		{AFE80F6E-28C0-4830-82A9-D1802B0DCB9E}.Release|Any CPU.Build.0 = Release|Any CPU
		{27B7C318-3260-4357-B43A-DC25D4AA2F4F}.Debug|Any CPU.ActiveCfg = Debug|Any CPU
		{27B7C318-3260-4357-B43A-DC25D4AA2F4F}.Debug|Any CPU.Build.0 = Debug|Any CPU
		{27B7C318-3260-4357-B43A-DC25D4AA2F4F}.Release|Any CPU.ActiveCfg = Release|Any CPU
		{27B7C318-3260-4357-B43A-DC25D4AA2F4F}.Release|Any CPU.Build.0 = Release|Any CPU
		{A42AAE76-5D36-46EA-BF4A-9B8A35557916}.Debug|Any CPU.ActiveCfg = Debug|Any CPU
		{A42AAE76-5D36-46EA-BF4A-9B8A35557916}.Debug|Any CPU.Build.0 = Debug|Any CPU
		{A42AAE76-5D36-46EA-BF4A-9B8A35557916}.Release|Any CPU.ActiveCfg = Release|Any CPU
		{A42AAE76-5D36-46EA-BF4A-9B8A35557916}.Release|Any CPU.Build.0 = Release|Any CPU
		{9D18674D-634B-4ECD-9C09-38D85BE40EBD}.Debug|Any CPU.ActiveCfg = Debug|Any CPU
		{9D18674D-634B-4ECD-9C09-38D85BE40EBD}.Debug|Any CPU.Build.0 = Debug|Any CPU
		{9D18674D-634B-4ECD-9C09-38D85BE40EBD}.Release|Any CPU.ActiveCfg = Release|Any CPU
		{9D18674D-634B-4ECD-9C09-38D85BE40EBD}.Release|Any CPU.Build.0 = Release|Any CPU
		{C3E3A190-CB5A-46BD-AA1E-F34C997688CE}.Debug|Any CPU.ActiveCfg = Debug|Any CPU
		{C3E3A190-CB5A-46BD-AA1E-F34C997688CE}.Debug|Any CPU.Build.0 = Debug|Any CPU
		{C3E3A190-CB5A-46BD-AA1E-F34C997688CE}.Release|Any CPU.ActiveCfg = Release|Any CPU
		{C3E3A190-CB5A-46BD-AA1E-F34C997688CE}.Release|Any CPU.Build.0 = Release|Any CPU
		{E308FF45-C977-4E0C-9D75-4550F3EFC047}.Debug|Any CPU.ActiveCfg = Debug|Any CPU
		{E308FF45-C977-4E0C-9D75-4550F3EFC047}.Debug|Any CPU.Build.0 = Debug|Any CPU
		{E308FF45-C977-4E0C-9D75-4550F3EFC047}.Release|Any CPU.ActiveCfg = Release|Any CPU
		{E308FF45-C977-4E0C-9D75-4550F3EFC047}.Release|Any CPU.Build.0 = Release|Any CPU
		{14333599-9130-41D7-8322-CFEC2C582A7A}.Debug|Any CPU.ActiveCfg = Debug|Any CPU
		{14333599-9130-41D7-8322-CFEC2C582A7A}.Debug|Any CPU.Build.0 = Debug|Any CPU
		{14333599-9130-41D7-8322-CFEC2C582A7A}.Release|Any CPU.ActiveCfg = Release|Any CPU
		{14333599-9130-41D7-8322-CFEC2C582A7A}.Release|Any CPU.Build.0 = Release|Any CPU
		{7807F8A3-B72D-4E6B-B040-F6ABC884CA04}.Debug|Any CPU.ActiveCfg = Debug|Any CPU
		{7807F8A3-B72D-4E6B-B040-F6ABC884CA04}.Debug|Any CPU.Build.0 = Debug|Any CPU
		{7807F8A3-B72D-4E6B-B040-F6ABC884CA04}.Release|Any CPU.ActiveCfg = Release|Any CPU
		{7807F8A3-B72D-4E6B-B040-F6ABC884CA04}.Release|Any CPU.Build.0 = Release|Any CPU
		{CDBCFA9B-38BB-4E5B-90D5-A739F7023D94}.Debug|Any CPU.ActiveCfg = Debug|Any CPU
		{CDBCFA9B-38BB-4E5B-90D5-A739F7023D94}.Debug|Any CPU.Build.0 = Debug|Any CPU
		{CDBCFA9B-38BB-4E5B-90D5-A739F7023D94}.Release|Any CPU.ActiveCfg = Release|Any CPU
		{CDBCFA9B-38BB-4E5B-90D5-A739F7023D94}.Release|Any CPU.Build.0 = Release|Any CPU
	EndGlobalSection
	GlobalSection(SolutionProperties) = preSolution
		HideSolutionNode = FALSE
	EndGlobalSection
	GlobalSection(NestedProjects) = preSolution
		{E87CAA9D-3979-4640-956F-6B98CE29A4F7} = {86F18D42-A752-48CD-82B7-E3707E570C1C}
		{5A206CF9-6B01-462A-AF36-2C1B0995CE4A} = {86F18D42-A752-48CD-82B7-E3707E570C1C}
		{47567A04-B04B-4D41-981E-A13B8C3275E3} = {6A2D15AE-2009-4DC3-B8DC-9FF4B39F0D97}
		{196D7B8B-F176-4B14-A278-C1687FABE769} = {98AB70DC-7D32-44C3-B3E1-066E3AC4EAFF}
		{3D571C2F-603F-402D-AF13-C4B76827C469} = {98AB70DC-7D32-44C3-B3E1-066E3AC4EAFF}
		{FEB55546-48CB-434C-B53F-3AD28B639783} = {86F18D42-A752-48CD-82B7-E3707E570C1C}
		{17F7F02C-CC51-4540-9432-8B76F20512E6} = {86F18D42-A752-48CD-82B7-E3707E570C1C}
		{3D5F2D92-758C-4248-B640-C39C6CA3B518} = {86F18D42-A752-48CD-82B7-E3707E570C1C}
		{9E5E5C7F-7C00-4B9F-BF3E-7AFCDECF1F2B} = {86F18D42-A752-48CD-82B7-E3707E570C1C}
		{E48DC966-C39F-4681-A398-F798AC4A0ED9} = {86F18D42-A752-48CD-82B7-E3707E570C1C}
		{85F4C6DC-5FC1-4930-A75C-AA6C50E2ECC2} = {D5CD624C-F8CE-4D06-85A5-D220B6451E57}
		{336812E4-C23A-4311-8E5E-8560E26B4B25} = {86F18D42-A752-48CD-82B7-E3707E570C1C}
		{4FE7C9CD-35D2-406B-A4AD-21B81587A5A2} = {86F18D42-A752-48CD-82B7-E3707E570C1C}
		{4DBA3629-7B3C-445A-BFA6-0D4639A2DD43} = {D5CD624C-F8CE-4D06-85A5-D220B6451E57}
		{7A2BD7DC-2647-4CDC-9868-07E601E5FBDA} = {6A2D15AE-2009-4DC3-B8DC-9FF4B39F0D97}
		{5FFD36CB-F478-40D8-B90C-63ECBC164F8C} = {D5CD624C-F8CE-4D06-85A5-D220B6451E57}
		{1E7385C3-EF1D-438D-9888-277D7C32E8CD} = {D5CD624C-F8CE-4D06-85A5-D220B6451E57}
		{BF34341D-EE8B-499C-A275-3CB1755FE066} = {D5CD624C-F8CE-4D06-85A5-D220B6451E57}
		{4B0D3647-48DE-44B9-97BE-24A648E9C6F5} = {D5CD624C-F8CE-4D06-85A5-D220B6451E57}
		{A690FB28-3FA8-4155-8445-358F4A28925E} = {D5CD624C-F8CE-4D06-85A5-D220B6451E57}
		{C983AC09-161E-4D82-A4AF-28E2F6180231} = {D5CD624C-F8CE-4D06-85A5-D220B6451E57}
		{204E69F6-0EE7-4B87-B9CA-8BF652EB67F4} = {7D6EB5CF-43DD-4542-9FAC-962EB3E780A2}
		{DB44BBB3-B9F6-4BA6-BDCD-ECB8ECB93963} = {7D6EB5CF-43DD-4542-9FAC-962EB3E780A2}
		{1188573A-6991-43D3-9E9E-9BD550FC09FC} = {7D6EB5CF-43DD-4542-9FAC-962EB3E780A2}
		{27B7C318-3260-4357-B43A-DC25D4AA2F4F} = {BE9603F2-9ACF-48DB-8A9C-5773CC2BE744}
		{A42AAE76-5D36-46EA-BF4A-9B8A35557916} = {BE9603F2-9ACF-48DB-8A9C-5773CC2BE744}
		{9D18674D-634B-4ECD-9C09-38D85BE40EBD} = {BE9603F2-9ACF-48DB-8A9C-5773CC2BE744}
		{E308FF45-C977-4E0C-9D75-4550F3EFC047} = {86F18D42-A752-48CD-82B7-E3707E570C1C}
		{14333599-9130-41D7-8322-CFEC2C582A7A} = {86F18D42-A752-48CD-82B7-E3707E570C1C}
		{7807F8A3-B72D-4E6B-B040-F6ABC884CA04} = {86F18D42-A752-48CD-82B7-E3707E570C1C}
		{CDBCFA9B-38BB-4E5B-90D5-A739F7023D94} = {7D6EB5CF-43DD-4542-9FAC-962EB3E780A2}
	EndGlobalSection
	GlobalSection(ExtensibilityGlobals) = postSolution
		SolutionGuid = {E4CBA316-C08D-4342-98BE-EC4B005D30BE}
	EndGlobalSection
EndGlobal
