
Microsoft Visual Studio Solution File, Format Version 12.00
# Visual Studio 15
VisualStudioVersion = 15.0.28010.2048
MinimumVisualStudioVersion = 10.0.40219.1
Project("{9A19103F-16F7-4668-BE54-9A1E7A4F7556}") = "Palindrome", "Palindrome\Palindrome.csproj", "{E87CAA9D-3979-4640-956F-6B98CE29A4F7}"
EndProject
Project("{9A19103F-16F7-4668-BE54-9A1E7A4F7556}") = "OnlineQuizSamples", "OnlineQuizSamples\OnlineQuizSamples.csproj", "{5A206CF9-6B01-462A-AF36-2C1B0995CE4A}"
EndProject
Project("{9A19103F-16F7-4668-BE54-9A1E7A4F7556}") = "CoreAuth", "CoreAuth\CoreAuth.csproj", "{47567A04-B04B-4D41-981E-A13B8C3275E3}"
EndProject
Project("{2150E333-8FDC-42A3-9474-1A3956D46DE8}") = "WebApps", "WebApps", "{6A2D15AE-2009-4DC3-B8DC-9FF4B39F0D97}"
EndProject
Project("{2150E333-8FDC-42A3-9474-1A3956D46DE8}") = "DesingPatterns", "DesingPatterns", "{98AB70DC-7D32-44C3-B3E1-066E3AC4EAFF}"
EndProject
Project("{9A19103F-16F7-4668-BE54-9A1E7A4F7556}") = "CreationalPatterns", "CreationalPatterns\CreationalPatterns.csproj", "{196D7B8B-F176-4B14-A278-C1687FABE769}"
EndProject
Project("{9A19103F-16F7-4668-BE54-9A1E7A4F7556}") = "StructuralPatterns", "StructuralPatterns\StructuralPatterns.csproj", "{3D571C2F-603F-402D-AF13-C4B76827C469}"
EndProject
Project("{9A19103F-16F7-4668-BE54-9A1E7A4F7556}") = "SimpleChecks", "SimpleChecks\SimpleChecks.csproj", "{317AE2C5-A542-4B17-A72C-2E2311217760}"
EndProject
Project("{FAE04EC0-301F-11D3-BF4B-00C04F79EFBC}") = "SimpleCheck", "SimpleCheck\SimpleCheck.csproj", "{DC19A909-4AD5-49F2-8496-B04AF5FA4071}"
EndProject
Project("{FAE04EC0-301F-11D3-BF4B-00C04F79EFBC}") = "MaxProductZero", "MaxProductZero\MaxProductZero.csproj", "{FEB55546-48CB-434C-B53F-3AD28B639783}"
EndProject
Project("{FAE04EC0-301F-11D3-BF4B-00C04F79EFBC}") = "TheaterTickets", "TheaterTickets\TheaterTickets.csproj", "{17F7F02C-CC51-4540-9432-8B76F20512E6}"
EndProject
Global
	GlobalSection(SolutionConfigurationPlatforms) = preSolution
		Debug|Any CPU = Debug|Any CPU
		Release|Any CPU = Release|Any CPU
	EndGlobalSection
	GlobalSection(ProjectConfigurationPlatforms) = postSolution
		{E87CAA9D-3979-4640-956F-6B98CE29A4F7}.Debug|Any CPU.ActiveCfg = Debug|Any CPU
		{E87CAA9D-3979-4640-956F-6B98CE29A4F7}.Debug|Any CPU.Build.0 = Debug|Any CPU
		{E87CAA9D-3979-4640-956F-6B98CE29A4F7}.Release|Any CPU.ActiveCfg = Release|Any CPU
		{E87CAA9D-3979-4640-956F-6B98CE29A4F7}.Release|Any CPU.Build.0 = Release|Any CPU
		{5A206CF9-6B01-462A-AF36-2C1B0995CE4A}.Debug|Any CPU.ActiveCfg = Debug|Any CPU
		{5A206CF9-6B01-462A-AF36-2C1B0995CE4A}.Debug|Any CPU.Build.0 = Debug|Any CPU
		{5A206CF9-6B01-462A-AF36-2C1B0995CE4A}.Release|Any CPU.ActiveCfg = Release|Any CPU
		{5A206CF9-6B01-462A-AF36-2C1B0995CE4A}.Release|Any CPU.Build.0 = Release|Any CPU
		{47567A04-B04B-4D41-981E-A13B8C3275E3}.Debug|Any CPU.ActiveCfg = Debug|Any CPU
		{47567A04-B04B-4D41-981E-A13B8C3275E3}.Debug|Any CPU.Build.0 = Debug|Any CPU
		{47567A04-B04B-4D41-981E-A13B8C3275E3}.Release|Any CPU.ActiveCfg = Release|Any CPU
		{47567A04-B04B-4D41-981E-A13B8C3275E3}.Release|Any CPU.Build.0 = Release|Any CPU
		{196D7B8B-F176-4B14-A278-C1687FABE769}.Debug|Any CPU.ActiveCfg = Debug|Any CPU
		{196D7B8B-F176-4B14-A278-C1687FABE769}.Debug|Any CPU.Build.0 = Debug|Any CPU
		{196D7B8B-F176-4B14-A278-C1687FABE769}.Release|Any CPU.ActiveCfg = Release|Any CPU
		{196D7B8B-F176-4B14-A278-C1687FABE769}.Release|Any CPU.Build.0 = Release|Any CPU
		{3D571C2F-603F-402D-AF13-C4B76827C469}.Debug|Any CPU.ActiveCfg = Debug|Any CPU
		{3D571C2F-603F-402D-AF13-C4B76827C469}.Debug|Any CPU.Build.0 = Debug|Any CPU
		{3D571C2F-603F-402D-AF13-C4B76827C469}.Release|Any CPU.ActiveCfg = Release|Any CPU
		{3D571C2F-603F-402D-AF13-C4B76827C469}.Release|Any CPU.Build.0 = Release|Any CPU
		{317AE2C5-A542-4B17-A72C-2E2311217760}.Debug|Any CPU.ActiveCfg = Debug|Any CPU
		{317AE2C5-A542-4B17-A72C-2E2311217760}.Debug|Any CPU.Build.0 = Debug|Any CPU
		{317AE2C5-A542-4B17-A72C-2E2311217760}.Release|Any CPU.ActiveCfg = Release|Any CPU
		{317AE2C5-A542-4B17-A72C-2E2311217760}.Release|Any CPU.Build.0 = Release|Any CPU
		{DC19A909-4AD5-49F2-8496-B04AF5FA4071}.Debug|Any CPU.ActiveCfg = Debug|Any CPU
		{DC19A909-4AD5-49F2-8496-B04AF5FA4071}.Debug|Any CPU.Build.0 = Debug|Any CPU
		{DC19A909-4AD5-49F2-8496-B04AF5FA4071}.Release|Any CPU.ActiveCfg = Release|Any CPU
		{DC19A909-4AD5-49F2-8496-B04AF5FA4071}.Release|Any CPU.Build.0 = Release|Any CPU
		{FEB55546-48CB-434C-B53F-3AD28B639783}.Debug|Any CPU.ActiveCfg = Debug|Any CPU
		{FEB55546-48CB-434C-B53F-3AD28B639783}.Debug|Any CPU.Build.0 = Debug|Any CPU
		{FEB55546-48CB-434C-B53F-3AD28B639783}.Release|Any CPU.ActiveCfg = Release|Any CPU
		{FEB55546-48CB-434C-B53F-3AD28B639783}.Release|Any CPU.Build.0 = Release|Any CPU
		{17F7F02C-CC51-4540-9432-8B76F20512E6}.Debug|Any CPU.ActiveCfg = Debug|Any CPU
		{17F7F02C-CC51-4540-9432-8B76F20512E6}.Debug|Any CPU.Build.0 = Debug|Any CPU
		{17F7F02C-CC51-4540-9432-8B76F20512E6}.Release|Any CPU.ActiveCfg = Release|Any CPU
		{17F7F02C-CC51-4540-9432-8B76F20512E6}.Release|Any CPU.Build.0 = Release|Any CPU
	EndGlobalSection
	GlobalSection(SolutionProperties) = preSolution
		HideSolutionNode = FALSE
	EndGlobalSection
	GlobalSection(NestedProjects) = preSolution
		{47567A04-B04B-4D41-981E-A13B8C3275E3} = {6A2D15AE-2009-4DC3-B8DC-9FF4B39F0D97}
		{196D7B8B-F176-4B14-A278-C1687FABE769} = {98AB70DC-7D32-44C3-B3E1-066E3AC4EAFF}
		{3D571C2F-603F-402D-AF13-C4B76827C469} = {98AB70DC-7D32-44C3-B3E1-066E3AC4EAFF}
	EndGlobalSection
	GlobalSection(ExtensibilityGlobals) = postSolution
		SolutionGuid = {E4CBA316-C08D-4342-98BE-EC4B005D30BE}
	EndGlobalSection
EndGlobal
